
Microsoft Visual Studio Solution File, Format Version 12.00
# Visual Studio Version 17
VisualStudioVersion = 17.10.35013.160
MinimumVisualStudioVersion = 10.0.40219.1
Project("{9A19103F-16F7-4668-BE54-9A1E7A4F7556}") = "WardrobeOnline.WebApi", "WardrobeOnline.WebApi\WardrobeOnline.WebApi.csproj", "{7175EC2C-623F-46DC-9060-E7BA83E1CE95}"
EndProject
Project("{9A19103F-16F7-4668-BE54-9A1E7A4F7556}") = "WardrobeOnline.DAL", "WardrobeOnline.DAL\WardrobeOnline.DAL.csproj", "{DA1AB157-1E71-47D4-A26E-0694B7ED47CD}"
EndProject
Project("{9A19103F-16F7-4668-BE54-9A1E7A4F7556}") = "WardrobeOnline.BLL", "WardrobeOnline.BLL\WardrobeOnline.BLL.csproj", "{B708D250-576C-4B6D-9910-2792BFAFC34B}"
EndProject
Project("{2150E333-8FDC-42A3-9474-1A3956D46DE8}") = "Элементы решения", "Элементы решения", "{8D98111B-F234-4FD5-B53C-BB1F6F8BC5A2}"
	ProjectSection(SolutionItems) = preProject
		README.md = README.md
	EndProjectSection
EndProject
Project("{E53339B2-1760-4266-BCC7-CA923CBCF16C}") = "docker-compose", "docker-compose.dcproj", "{48B13D81-7177-438E-82CB-B76EFA404147}"
EndProject
Global
	GlobalSection(SolutionConfigurationPlatforms) = preSolution
		Debug|Any CPU = Debug|Any CPU
		Release|Any CPU = Release|Any CPU
	EndGlobalSection
	GlobalSection(ProjectConfigurationPlatforms) = postSolution
		{7175EC2C-623F-46DC-9060-E7BA83E1CE95}.Debug|Any CPU.ActiveCfg = Debug|Any CPU
		{7175EC2C-623F-46DC-9060-E7BA83E1CE95}.Debug|Any CPU.Build.0 = Debug|Any CPU
		{7175EC2C-623F-46DC-9060-E7BA83E1CE95}.Release|Any CPU.ActiveCfg = Release|Any CPU
		{7175EC2C-623F-46DC-9060-E7BA83E1CE95}.Release|Any CPU.Build.0 = Release|Any CPU
		{DA1AB157-1E71-47D4-A26E-0694B7ED47CD}.Debug|Any CPU.ActiveCfg = Debug|Any CPU
		{DA1AB157-1E71-47D4-A26E-0694B7ED47CD}.Debug|Any CPU.Build.0 = Debug|Any CPU
		{DA1AB157-1E71-47D4-A26E-0694B7ED47CD}.Release|Any CPU.ActiveCfg = Release|Any CPU
		{DA1AB157-1E71-47D4-A26E-0694B7ED47CD}.Release|Any CPU.Build.0 = Release|Any CPU
		{B708D250-576C-4B6D-9910-2792BFAFC34B}.Debug|Any CPU.ActiveCfg = Debug|Any CPU
		{B708D250-576C-4B6D-9910-2792BFAFC34B}.Debug|Any CPU.Build.0 = Debug|Any CPU
		{B708D250-576C-4B6D-9910-2792BFAFC34B}.Release|Any CPU.ActiveCfg = Release|Any CPU
		{B708D250-576C-4B6D-9910-2792BFAFC34B}.Release|Any CPU.Build.0 = Release|Any CPU
		{48B13D81-7177-438E-82CB-B76EFA404147}.Debug|Any CPU.ActiveCfg = Debug|Any CPU
		{48B13D81-7177-438E-82CB-B76EFA404147}.Debug|Any CPU.Build.0 = Debug|Any CPU
		{48B13D81-7177-438E-82CB-B76EFA404147}.Release|Any CPU.ActiveCfg = Release|Any CPU
		{48B13D81-7177-438E-82CB-B76EFA404147}.Release|Any CPU.Build.0 = Release|Any CPU
	EndGlobalSection
	GlobalSection(SolutionProperties) = preSolution
		HideSolutionNode = FALSE
	EndGlobalSection
	GlobalSection(ExtensibilityGlobals) = postSolution
		SolutionGuid = {2D3194F3-F01D-434B-B8E0-BA0BB02F399B}
	EndGlobalSection
EndGlobal
